
Microsoft Visual Studio Solution File, Format Version 12.00
# Visual Studio Version 16
VisualStudioVersion = 16.0.29123.88
MinimumVisualStudioVersion = 10.0.40219.1
Project("{FAE04EC0-301F-11D3-BF4B-00C04F79EFBC}") = "工工综合实验模拟", "工工综合实验模拟\工工综合实验模拟.csproj", "{F17DC8CF-40AB-4BB9-A034-FB24C8B03BEB}"
EndProject
Global
	GlobalSection(SolutionConfigurationPlatforms) = preSolution
		Debug|Any CPU = Debug|Any CPU
		Release|Any CPU = Release|Any CPU
	EndGlobalSection
	GlobalSection(ProjectConfigurationPlatforms) = postSolution
		{F17DC8CF-40AB-4BB9-A034-FB24C8B03BEB}.Debug|Any CPU.ActiveCfg = Debug|Any CPU
		{F17DC8CF-40AB-4BB9-A034-FB24C8B03BEB}.Debug|Any CPU.Build.0 = Debug|Any CPU
		{F17DC8CF-40AB-4BB9-A034-FB24C8B03BEB}.Release|Any CPU.ActiveCfg = Release|Any CPU
		{F17DC8CF-40AB-4BB9-A034-FB24C8B03BEB}.Release|Any CPU.Build.0 = Release|Any CPU
	EndGlobalSection
	GlobalSection(SolutionProperties) = preSolution
		HideSolutionNode = FALSE
	EndGlobalSection
	GlobalSection(ExtensibilityGlobals) = postSolution
		SolutionGuid = {13E8C97D-5742-4160-903E-F3A4F54552D0}
	EndGlobalSection
EndGlobal
