
Microsoft Visual Studio Solution File, Format Version 12.00
# Visual Studio Version 16
VisualStudioVersion = 16.0.29123.88
MinimumVisualStudioVersion = 10.0.40219.1
Project("{FAE04EC0-301F-11D3-BF4B-00C04F79EFBC}") = "工工综合实验模拟", "工工综合实验模拟\工工综合实验模拟.csproj", "{F17DC8CF-40AB-4BB9-A034-FB24C8B03BEB}"
EndProject
Project("{C7167F0D-BC9F-4E6E-AFE1-012C56B48DB5}") = "AppPackage", "AppPackage\AppPackage.wapproj", "{8DEA5301-0947-4FC4-83F9-15654D3D6A5A}"
EndProject
Global
	GlobalSection(SolutionConfigurationPlatforms) = preSolution
		Debug|Any CPU = Debug|Any CPU
		Debug|ARM = Debug|ARM
		Debug|ARM64 = Debug|ARM64
		Debug|x64 = Debug|x64
		Debug|x86 = Debug|x86
		Release|Any CPU = Release|Any CPU
		Release|ARM = Release|ARM
		Release|ARM64 = Release|ARM64
		Release|x64 = Release|x64
		Release|x86 = Release|x86
	EndGlobalSection
	GlobalSection(ProjectConfigurationPlatforms) = postSolution
		{F17DC8CF-40AB-4BB9-A034-FB24C8B03BEB}.Debug|Any CPU.ActiveCfg = Debug|Any CPU
		{F17DC8CF-40AB-4BB9-A034-FB24C8B03BEB}.Debug|Any CPU.Build.0 = Debug|Any CPU
		{F17DC8CF-40AB-4BB9-A034-FB24C8B03BEB}.Debug|ARM.ActiveCfg = Debug|Any CPU
		{F17DC8CF-40AB-4BB9-A034-FB24C8B03BEB}.Debug|ARM.Build.0 = Debug|Any CPU
		{F17DC8CF-40AB-4BB9-A034-FB24C8B03BEB}.Debug|ARM64.ActiveCfg = Debug|Any CPU
		{F17DC8CF-40AB-4BB9-A034-FB24C8B03BEB}.Debug|ARM64.Build.0 = Debug|Any CPU
		{F17DC8CF-40AB-4BB9-A034-FB24C8B03BEB}.Debug|x64.ActiveCfg = Debug|Any CPU
		{F17DC8CF-40AB-4BB9-A034-FB24C8B03BEB}.Debug|x64.Build.0 = Debug|Any CPU
		{F17DC8CF-40AB-4BB9-A034-FB24C8B03BEB}.Debug|x86.ActiveCfg = Debug|Any CPU
		{F17DC8CF-40AB-4BB9-A034-FB24C8B03BEB}.Debug|x86.Build.0 = Debug|Any CPU
		{F17DC8CF-40AB-4BB9-A034-FB24C8B03BEB}.Release|Any CPU.ActiveCfg = Release|Any CPU
		{F17DC8CF-40AB-4BB9-A034-FB24C8B03BEB}.Release|Any CPU.Build.0 = Release|Any CPU
		{F17DC8CF-40AB-4BB9-A034-FB24C8B03BEB}.Release|ARM.ActiveCfg = Release|Any CPU
		{F17DC8CF-40AB-4BB9-A034-FB24C8B03BEB}.Release|ARM.Build.0 = Release|Any CPU
		{F17DC8CF-40AB-4BB9-A034-FB24C8B03BEB}.Release|ARM64.ActiveCfg = Release|Any CPU
		{F17DC8CF-40AB-4BB9-A034-FB24C8B03BEB}.Release|ARM64.Build.0 = Release|Any CPU
		{F17DC8CF-40AB-4BB9-A034-FB24C8B03BEB}.Release|x64.ActiveCfg = Release|Any CPU
		{F17DC8CF-40AB-4BB9-A034-FB24C8B03BEB}.Release|x64.Build.0 = Release|Any CPU
		{F17DC8CF-40AB-4BB9-A034-FB24C8B03BEB}.Release|x86.ActiveCfg = Release|Any CPU
		{F17DC8CF-40AB-4BB9-A034-FB24C8B03BEB}.Release|x86.Build.0 = Release|Any CPU
		{8DEA5301-0947-4FC4-83F9-15654D3D6A5A}.Debug|Any CPU.ActiveCfg = Debug|Any CPU
		{8DEA5301-0947-4FC4-83F9-15654D3D6A5A}.Debug|Any CPU.Build.0 = Debug|Any CPU
		{8DEA5301-0947-4FC4-83F9-15654D3D6A5A}.Debug|Any CPU.Deploy.0 = Debug|Any CPU
		{8DEA5301-0947-4FC4-83F9-15654D3D6A5A}.Debug|ARM.ActiveCfg = Debug|ARM
		{8DEA5301-0947-4FC4-83F9-15654D3D6A5A}.Debug|ARM.Build.0 = Debug|ARM
		{8DEA5301-0947-4FC4-83F9-15654D3D6A5A}.Debug|ARM.Deploy.0 = Debug|ARM
		{8DEA5301-0947-4FC4-83F9-15654D3D6A5A}.Debug|ARM64.ActiveCfg = Debug|ARM64
		{8DEA5301-0947-4FC4-83F9-15654D3D6A5A}.Debug|ARM64.Build.0 = Debug|ARM64
		{8DEA5301-0947-4FC4-83F9-15654D3D6A5A}.Debug|ARM64.Deploy.0 = Debug|ARM64
		{8DEA5301-0947-4FC4-83F9-15654D3D6A5A}.Debug|x64.ActiveCfg = Debug|x64
		{8DEA5301-0947-4FC4-83F9-15654D3D6A5A}.Debug|x64.Build.0 = Debug|x64
		{8DEA5301-0947-4FC4-83F9-15654D3D6A5A}.Debug|x64.Deploy.0 = Debug|x64
		{8DEA5301-0947-4FC4-83F9-15654D3D6A5A}.Debug|x86.ActiveCfg = Debug|x86
		{8DEA5301-0947-4FC4-83F9-15654D3D6A5A}.Debug|x86.Build.0 = Debug|x86
		{8DEA5301-0947-4FC4-83F9-15654D3D6A5A}.Debug|x86.Deploy.0 = Debug|x86
		{8DEA5301-0947-4FC4-83F9-15654D3D6A5A}.Release|Any CPU.ActiveCfg = Release|Any CPU
		{8DEA5301-0947-4FC4-83F9-15654D3D6A5A}.Release|Any CPU.Build.0 = Release|Any CPU
		{8DEA5301-0947-4FC4-83F9-15654D3D6A5A}.Release|Any CPU.Deploy.0 = Release|Any CPU
		{8DEA5301-0947-4FC4-83F9-15654D3D6A5A}.Release|ARM.ActiveCfg = Release|ARM
		{8DEA5301-0947-4FC4-83F9-15654D3D6A5A}.Release|ARM.Build.0 = Release|ARM
		{8DEA5301-0947-4FC4-83F9-15654D3D6A5A}.Release|ARM.Deploy.0 = Release|ARM
		{8DEA5301-0947-4FC4-83F9-15654D3D6A5A}.Release|ARM64.ActiveCfg = Release|ARM64
		{8DEA5301-0947-4FC4-83F9-15654D3D6A5A}.Release|ARM64.Build.0 = Release|ARM64
		{8DEA5301-0947-4FC4-83F9-15654D3D6A5A}.Release|ARM64.Deploy.0 = Release|ARM64
		{8DEA5301-0947-4FC4-83F9-15654D3D6A5A}.Release|x64.ActiveCfg = Release|x64
		{8DEA5301-0947-4FC4-83F9-15654D3D6A5A}.Release|x64.Build.0 = Release|x64
		{8DEA5301-0947-4FC4-83F9-15654D3D6A5A}.Release|x64.Deploy.0 = Release|x64
		{8DEA5301-0947-4FC4-83F9-15654D3D6A5A}.Release|x86.ActiveCfg = Release|x86
		{8DEA5301-0947-4FC4-83F9-15654D3D6A5A}.Release|x86.Build.0 = Release|x86
		{8DEA5301-0947-4FC4-83F9-15654D3D6A5A}.Release|x86.Deploy.0 = Release|x86
	EndGlobalSection
	GlobalSection(SolutionProperties) = preSolution
		HideSolutionNode = FALSE
	EndGlobalSection
	GlobalSection(ExtensibilityGlobals) = postSolution
		SolutionGuid = {13E8C97D-5742-4160-903E-F3A4F54552D0}
	EndGlobalSection
EndGlobal
